
Microsoft Visual Studio Solution File, Format Version 12.00
# Visual Studio 15
VisualStudioVersion = 15.0.26430.14
MinimumVisualStudioVersion = 10.0.40219.1
Project("{FAE04EC0-301F-11D3-BF4B-00C04F79EFBC}") = "SoftuniCoffeeOrders", "SoftuniCoffeeOrders\SoftuniCoffeeOrders.csproj", "{28E64C3D-73C9-4716-BC0E-3B736C572B06}"
EndProject
Project("{FAE04EC0-301F-11D3-BF4B-00C04F79EFBC}") = "CommandInterpreter", "CommandInterpreter\CommandInterpreter.csproj", "{3A525481-5BBF-446E-A5DD-6EEB8F9899ED}"
EndProject
Project("{FAE04EC0-301F-11D3-BF4B-00C04F79EFBC}") = "RageQuit", "RageQuit\RageQuit.csproj", "{5ED4AEAD-0710-41A9-97BA-9EBC570ED71A}"
EndProject
Global
	GlobalSection(SolutionConfigurationPlatforms) = preSolution
		Debug|Any CPU = Debug|Any CPU
		Release|Any CPU = Release|Any CPU
	EndGlobalSection
	GlobalSection(ProjectConfigurationPlatforms) = postSolution
		{28E64C3D-73C9-4716-BC0E-3B736C572B06}.Debug|Any CPU.ActiveCfg = Debug|Any CPU
		{28E64C3D-73C9-4716-BC0E-3B736C572B06}.Debug|Any CPU.Build.0 = Debug|Any CPU
		{28E64C3D-73C9-4716-BC0E-3B736C572B06}.Release|Any CPU.ActiveCfg = Release|Any CPU
		{28E64C3D-73C9-4716-BC0E-3B736C572B06}.Release|Any CPU.Build.0 = Release|Any CPU
		{3A525481-5BBF-446E-A5DD-6EEB8F9899ED}.Debug|Any CPU.ActiveCfg = Debug|Any CPU
		{3A525481-5BBF-446E-A5DD-6EEB8F9899ED}.Debug|Any CPU.Build.0 = Debug|Any CPU
		{3A525481-5BBF-446E-A5DD-6EEB8F9899ED}.Release|Any CPU.ActiveCfg = Release|Any CPU
		{3A525481-5BBF-446E-A5DD-6EEB8F9899ED}.Release|Any CPU.Build.0 = Release|Any CPU
		{5ED4AEAD-0710-41A9-97BA-9EBC570ED71A}.Debug|Any CPU.ActiveCfg = Debug|Any CPU
		{5ED4AEAD-0710-41A9-97BA-9EBC570ED71A}.Debug|Any CPU.Build.0 = Debug|Any CPU
		{5ED4AEAD-0710-41A9-97BA-9EBC570ED71A}.Release|Any CPU.ActiveCfg = Release|Any CPU
		{5ED4AEAD-0710-41A9-97BA-9EBC570ED71A}.Release|Any CPU.Build.0 = Release|Any CPU
	EndGlobalSection
	GlobalSection(SolutionProperties) = preSolution
		HideSolutionNode = FALSE
	EndGlobalSection
EndGlobal
